
Microsoft Visual Studio Solution File, Format Version 12.00
# Visual Studio Version 17
VisualStudioVersion = 17.6.33723.286
MinimumVisualStudioVersion = 10.0.40219.1
Project("{9A19103F-16F7-4668-BE54-9A1E7A4F7556}") = "ActorLib", "ActorLib\ActorLib.csproj", "{3A88FB52-DA4E-4F48-BE93-54A8E022FA21}"
EndProject
Project("{9A19103F-16F7-4668-BE54-9A1E7A4F7556}") = "ActorLibTest", "ActorLibTest\ActorLibTest.csproj", "{9154AC77-7ABE-4021-8338-426EA616CB4B}"
	ProjectSection(ProjectDependencies) = postProject
		{3A88FB52-DA4E-4F48-BE93-54A8E022FA21} = {3A88FB52-DA4E-4F48-BE93-54A8E022FA21}
	EndProjectSection
EndProject
Project("{FAE04EC0-301F-11D3-BF4B-00C04F79EFBC}") = "BlazorActorApp", "BlazorActorApp\BlazorActorApp.csproj", "{97083482-80D5-4132-8C3B-03BFE1BE297A}"
EndProject
Global
	GlobalSection(SolutionConfigurationPlatforms) = preSolution
		Debug|Any CPU = Debug|Any CPU
		Release|Any CPU = Release|Any CPU
	EndGlobalSection
	GlobalSection(ProjectConfigurationPlatforms) = postSolution
		{3A88FB52-DA4E-4F48-BE93-54A8E022FA21}.Debug|Any CPU.ActiveCfg = Debug|Any CPU
		{3A88FB52-DA4E-4F48-BE93-54A8E022FA21}.Debug|Any CPU.Build.0 = Debug|Any CPU
		{3A88FB52-DA4E-4F48-BE93-54A8E022FA21}.Release|Any CPU.ActiveCfg = Release|Any CPU
		{3A88FB52-DA4E-4F48-BE93-54A8E022FA21}.Release|Any CPU.Build.0 = Release|Any CPU
		{9154AC77-7ABE-4021-8338-426EA616CB4B}.Debug|Any CPU.ActiveCfg = Debug|Any CPU
		{9154AC77-7ABE-4021-8338-426EA616CB4B}.Debug|Any CPU.Build.0 = Debug|Any CPU
		{9154AC77-7ABE-4021-8338-426EA616CB4B}.Release|Any CPU.ActiveCfg = Release|Any CPU
		{9154AC77-7ABE-4021-8338-426EA616CB4B}.Release|Any CPU.Build.0 = Release|Any CPU
		{97083482-80D5-4132-8C3B-03BFE1BE297A}.Debug|Any CPU.ActiveCfg = Debug|Any CPU
		{97083482-80D5-4132-8C3B-03BFE1BE297A}.Debug|Any CPU.Build.0 = Debug|Any CPU
		{97083482-80D5-4132-8C3B-03BFE1BE297A}.Release|Any CPU.ActiveCfg = Release|Any CPU
		{97083482-80D5-4132-8C3B-03BFE1BE297A}.Release|Any CPU.Build.0 = Release|Any CPU
	EndGlobalSection
	GlobalSection(SolutionProperties) = preSolution
		HideSolutionNode = FALSE
	EndGlobalSection
	GlobalSection(ExtensibilityGlobals) = postSolution
		SolutionGuid = {702FBCAF-3150-4A9F-ADDE-8852CB8364E8}
	EndGlobalSection
EndGlobal
